# THIS IS AN AUTOGENERATED FILE. DO NOT EDIT THIS FILE DIRECTLY.
# yarn lockfile v1


async@0.2.x:
  version "0.2.10"
  resolved "https://registry.yarnpkg.com/async/-/async-0.2.10.tgz#b6bbe0b0674b9d719708ca38de8c237cb526c3d1"

bassmaster@1.0.0:
  version "1.0.0"
  resolved "https://registry.yarnpkg.com/bassmaster/-/bassmaster-1.0.0.tgz#e406ba41c2da3cb3fc0352874b052e60706d4a1d"
  dependencies:
    async "0.2.x"
    hoek "1.x.x"

hoek@1.x.x:
  version "1.5.2"
  resolved "https://registry.yarnpkg.com/hoek/-/hoek-1.5.2.tgz#d1038115c3046faf11bb089c25e8b409b1b7d8ca"
