# This file is autogenerated, do not edit; changes may be undone by the next 'dep ensure'.


[[projects]]
  name = "github.com/Masterminds/semver"
  packages = ["."]
  revision = "c7af12943936e8c39859482e61f0574c2fd7fc75"
  version = "v1.4.2"

[[projects]]
  name = "github.com/Microsoft/go-winio"
  packages = ["."]
  revision = "a6d595ae73cf27a1b8fc32930668708f45ce1c85"
  version = "v0.4.9"

[[projects]]
  name = "github.com/davecgh/go-spew"
  packages = ["spew"]
  revision = "346938d642f2ec3594ed81d874461961cd0faa76"
  version = "v1.1.0"

[[projects]]
  name = "github.com/docker/distribution"
  packages = [
    "digest",
    "reference"
  ]
  revision = "48294d928ced5dd9b378f7fd7c6f5da3ff3f2c89"
  version = "v2.6.2"

[[projects]]
  name = "github.com/docker/docker"
  packages = [
    "api/types",
    "api/types/blkiodev",
    "api/types/container",
    "api/types/events",
    "api/types/filters",
    "api/types/mount",
    "api/types/network",
    "api/types/reference",
    "api/types/registry",
    "api/types/strslice",
    "api/types/swarm",
    "api/types/time",
    "api/types/versions",
    "api/types/volume",
    "client",
    "pkg/tlsconfig"
  ]
  revision = "092cba3727bb9b4a2f0e922cd6c0f93ea270e363"
  version = "v1.13.1"

[[projects]]
  name = "github.com/docker/go-connections"
  packages = [
    "nat",
    "sockets",
    "tlsconfig"
  ]
  revision = "7395e3f8aa162843a74ed6d48e79627d9792ac55"
  version = "v0.4.0"

[[projects]]
  name = "github.com/docker/go-units"
  packages = ["."]
  revision = "47565b4f722fb6ceae66b95f853feed578a4a51c"
  version = "v0.3.3"

[[projects]]
  branch = "master"
  name = "github.com/dsnet/compress"
  packages = [
    ".",
    "bzip2",
    "bzip2/internal/sais",
    "internal",
    "internal/errors",
    "internal/prefix"
  ]
  revision = "cc9eb1d7ad760af14e8f918698f745e80377af4f"

[[projects]]
  name = "github.com/google/go-cmp"
  packages = [
    "cmp",
    "cmp/internal/diff",
    "cmp/internal/function",
    "cmp/internal/value"
  ]
  revision = "3af367b6b30c263d47e8895973edcca9a49cf029"
  version = "v0.2.0"

[[projects]]
  name = "github.com/mholt/archiver"
  packages = ["."]
  revision = "cdc68dd1f170b8dfc1a0d2231b5bb0967ed67006"
  version = "v2.0"

[[projects]]
  branch = "master"
  name = "github.com/nwaples/rardecode"
  packages = ["."]
  revision = "e06696f847aeda6f39a8f0b7cdff193b7690aef6"

[[projects]]
  name = "github.com/pkg/errors"
  packages = ["."]
  revision = "645ef00459ed84a119197bfb8d8205042c6df63d"
  version = "v0.8.0"

[[projects]]
  name = "github.com/spacemeshos/go-spacemesh"
  packages = ["assert"]
  revision = "f4a642e43d5bee3f8acf4f413d8c49e0fadd1d2e"
  version = "v0.3"

[[projects]]
  name = "github.com/ulikunitz/xz"
  packages = [
    ".",
    "internal/hash",
    "internal/xlog",
    "lzma"
  ]
  revision = "0c6b41e72360850ca4f98dc341fd999726ea007f"
  version = "v0.5.4"

[[projects]]
  branch = "master"
  name = "golang.org/x/net"
  packages = [
    "context",
    "context/ctxhttp",
    "internal/socks",
    "proxy"
  ]
  revision = "c4299a1a0d8524c11563db160fbf9bddbceadb21"

[[projects]]
  branch = "master"
  name = "golang.org/x/sys"
  packages = ["windows"]
  revision = "bd9dbc187b6e1dacfdd2722a87e83093c2d7bd6e"

[solve-meta]
  analyzer-name = "dep"
  analyzer-version = 1
  inputs-digest = "348c407f8a832ba3f5a9755a7707dc8729ae6d100152a3e4b50670bd4c2befa2"
  solver-name = "gps-cdcl"
  solver-version = 1
